
Microsoft Visual Studio Solution File, Format Version 12.00
# Visual Studio Version 16
VisualStudioVersion = 25.0.1704.2
MinimumVisualStudioVersion = 10.0.40219.1
Project("{FAE04EC0-301F-11D3-BF4B-00C04F79EFBC}") = "GameHub", "GameHub.csproj", "{76B682BE-83D2-4BD3-A3B2-1CABEA7B1265}"
EndProject
Global
	GlobalSection(SolutionConfigurationPlatforms) = preSolution
		Debug|Any CPU = Debug|Any CPU
		Release|Any CPU = Release|Any CPU
	EndGlobalSection
	GlobalSection(ProjectConfigurationPlatforms) = postSolution
		{76B682BE-83D2-4BD3-A3B2-1CABEA7B1265}.Debug|Any CPU.ActiveCfg = Debug|Any CPU
		{76B682BE-83D2-4BD3-A3B2-1CABEA7B1265}.Debug|Any CPU.Build.0 = Debug|Any CPU
		{76B682BE-83D2-4BD3-A3B2-1CABEA7B1265}.Release|Any CPU.ActiveCfg = Release|Any CPU
		{76B682BE-83D2-4BD3-A3B2-1CABEA7B1265}.Release|Any CPU.Build.0 = Release|Any CPU
	EndGlobalSection
	GlobalSection(SolutionProperties) = preSolution
		HideSolutionNode = FALSE
	EndGlobalSection
	GlobalSection(ExtensibilityGlobals) = postSolution
		SolutionGuid = {2840467E-5159-40A1-92FE-3E1DD256FF1A}
	EndGlobalSection
EndGlobal
